<?xml version="1.0" encoding="UTF-8" standalone="yes" ?>
<CodeBlocks_project_file>
	<FileVersion major="1" minor="6" />
	<Project>
		<Option title="Rubik" />
		<Option pch_mode="2" />
		<Option compiler="gcc" />
		<Build>
			<Target title="Release">
				<Option output="bin/Release/Rubik" prefix_auto="1" extension_auto="1" />
				<Option object_output="obj/Release/" />
				<Option type="1" />
				<Option compiler="gcc" />
				<Compiler>
					<Add option="-O2" />
					<Add option="-Weffc++" />
					<Add option="-pedantic" />
					<Add option="-Wextra" />
				</Compiler>
				<Linker>
					<Add option="-O2" />
					<Add option="-s" />
				</Linker>
			</Target>
			<Target title="Debug">
				<Option output="bin/Debug/Rubik" prefix_auto="1" extension_auto="1" />
				<Option object_output="obj/Debug/" />
				<Option type="1" />
				<Option compiler="gcc" />
				<Compiler>
					<Add option="-Weffc++" />
					<Add option="-pedantic" />
					<Add option="-Wextra" />
					<Add option="-Wall" />
					<Add option="-g" />
					<Add option="-DDEBUG" />
					<Add directory="class_cube" />
					<Add directory="Rubik_Cube_Extensions" />
				</Compiler>
			</Target>
		</Build>
		<Compiler>
			<Add option="-fexceptions" />
		</Compiler>
		<Linker>
			<Add option="-s" />
		</Linker>
		<Unit filename="debug/_debug.cpp">
			<Option target="Debug" />
		</Unit>
		<Unit filename="debug/change_colors.cpp">
			<Option target="Debug" />
		</Unit>
		<Unit filename="debug/debug.h">
			<Option target="Debug" />
		</Unit>
		<Unit filename="debug/randomizing.cpp">
			<Option target="Debug" />
		</Unit>
		<Unit filename="debug/resetting.cpp">
			<Option target="Debug" />
		</Unit>
		<Unit filename="debug/scanning.cpp">
			<Option target="Debug" />
		</Unit>
		<Unit filename="debug/show_initial_positions.cpp">
			<Option target="Debug" />
		</Unit>
		<Unit filename="debug/turning_around.cpp">
			<Option target="Debug" />
		</Unit>
		<Unit filename="lib/coloring.cpp" />
		<Unit filename="lib/coloring.h" />
		<Unit filename="lib/getch.cpp" />
		<Unit filename="lib/getch.h" />
		<Unit filename="main.cpp" />
		<Unit filename="rubik_cube/rubik.cpp" />
		<Unit filename="rubik_cube/rubik.h" />
		<Unit filename="rubik_cube_engine/class_color.cpp" />
		<Unit filename="rubik_cube_engine/class_color.h" />
		<Unit filename="rubik_cube_engine/engine.cpp" />
		<Unit filename="rubik_cube_engine/engine.h" />
		<Unit filename="rubik_cube_engine/general.h" />
		<Unit filename="rubik_cube_engine/scan.cpp" />
		<Unit filename="rubik_cube_engine/spin.cpp" />
		<Extensions />
	</Project>
</CodeBlocks_project_file>
